// !$*UTF8*$!
{
	archiveVersion = 1;
	classes = {
	};
	objectVersion = 50;
	objects = {

/* Begin PBXBuildFile section */
		AAC64BD12488E0C7009D676C /* AppDelegate.swift in Sources */ = {isa = PBXBuildFile; fileRef = AAC64BD02488E0C7009D676C /* AppDelegate.swift */; };
		AAC64BD32488E0C7009D676C /* SceneDelegate.swift in Sources */ = {isa = PBXBuildFile; fileRef = AAC64BD22488E0C7009D676C /* SceneDelegate.swift */; };
		AAC64BD52488E0C7009D676C /* ViewController.swift in Sources */ = {isa = PBXBuildFile; fileRef = AAC64BD42488E0C7009D676C /* ViewController.swift */; };
		AAC64BD82488E0C7009D676C /* Main.storyboard in Resources */ = {isa = PBXBuildFile; fileRef = AAC64BD62488E0C7009D676C /* Main.storyboard */; };
		AAC64BDA2488E0C8009D676C /* Assets.xcassets in Resources */ = {isa = PBXBuildFile; fileRef = AAC64BD92488E0C8009D676C /* Assets.xcassets */; };
		AAC64BDD2488E0C8009D676C /* LaunchScreen.storyboard in Resources */ = {isa = PBXBuildFile; fileRef = AAC64BDB2488E0C8009D676C /* LaunchScreen.storyboard */; };
/* End PBXBuildFile section */

/* Begin PBXFileReference section */
		AAC64BCD2488E0C7009D676C /* LearnMVP.app */ = {isa = PBXFileReference; explicitFileType = wrapper.application; includeInIndex = 0; path = LearnMVP.app; sourceTree = BUILT_PRODUCTS_DIR; };
		AAC64BD02488E0C7009D676C /* AppDelegate.swift */ = {isa = PBXFileReference; lastKnownFileType = sourcecode.swift; path = AppDelegate.swift; sourceTree = "<group>"; };
		AAC64BD22488E0C7009D676C /* SceneDelegate.swift */ = {isa = PBXFileReference; lastKnownFileType = sourcecode.swift; path = SceneDelegate.swift; sourceTree = "<group>"; };
		AAC64BD42488E0C7009D676C /* ViewController.swift */ = {isa = PBXFileReference; lastKnownFileType = sourcecode.swift; path = ViewController.swift; sourceTree = "<group>"; };
		AAC64BD72488E0C7009D676C /* Base */ = {isa = PBXFileReference; lastKnownFileType = file.storyboard; name = Base; path = Base.lproj/Main.storyboard; sourceTree = "<group>"; };
		AAC64BD92488E0C8009D676C /* Assets.xcassets */ = {isa = PBXFileReference; lastKnownFileType = folder.assetcatalog; path = Assets.xcassets; sourceTree = "<group>"; };
		AAC64BDC2488E0C8009D676C /* Base */ = {isa = PBXFileReference; lastKnownFileType = file.storyboard; name = Base; path = Base.lproj/LaunchScreen.storyboard; sourceTree = "<group>"; };
		AAC64BDE2488E0C8009D676C /* Info.plist */ = {isa = PBXFileReference; lastKnownFileType = text.plist.xml; path = Info.plist; sourceTree = "<group>"; };
/* End PBXFileReference section */

/* Begin PBXFrameworksBuildPhase section */
		AAC64BCA2488E0C6009D676C /* Frameworks */ = {
			isa = PBXFrameworksBuildPhase;
			buildActionMask = 2147483647;
			files = (
			);
			runOnlyForDeploymentPostprocessing = 0;
		};
/* End PBXFrameworksBuildPhase section */

/* Begin PBXGroup section */
		AAC64BC42488E0C6009D676C = {
			isa = PBXGroup;
			children = (
				AAC64BCF2488E0C7009D676C /* LearnMVP */,
				AAC64BCE2488E0C7009D676C /* Products */,
			);
			sourceTree = "<group>";
		};
		AAC64BCE2488E0C7009D676C /* Products */ = {
			isa = PBXGroup;
			children = (
				AAC64BCD2488E0C7009D676C /* LearnMVP.app */,
			);
			name = Products;
			sourceTree = "<group>";
		};
		AAC64BCF2488E0C7009D676C /* LearnMVP */ = {
			isa = PBXGroup;
			children = (
				AAC64BD02488E0C7009D676C /* AppDelegate.swift */,
				AAC64BD22488E0C7009D676C /* SceneDelegate.swift */,
				AAC64BD42488E0C7009D676C /* ViewController.swift */,
				AAC64BD62488E0C7009D676C /* Main.storyboard */,
				AAC64BD92488E0C8009D676C /* Assets.xcassets */,
				AAC64BDB2488E0C8009D676C /* LaunchScreen.storyboard */,
				AAC64BDE2488E0C8009D676C /* Info.plist */,
			);
			path = LearnMVP;
			sourceTree = "<group>";
		};
/* End PBXGroup section */

/* Begin PBXNativeTarget section */
		AAC64BCC2488E0C6009D676C /* LearnMVP */ = {
			isa = PBXNativeTarget;
			buildConfigurationList = AAC64BE12488E0C8009D676C /* Build configuration list for PBXNativeTarget "LearnMVP" */;
			buildPhases = (
				AAC64BC92488E0C6009D676C /* Sources */,
				AAC64BCA2488E0C6009D676C /* Frameworks */,
				AAC64BCB2488E0C6009D676C /* Resources */,
			);
			buildRules = (
			);
			dependencies = (
			);
			name = LearnMVP;
			productName = LearnMVP;
			productReference = AAC64BCD2488E0C7009D676C /* LearnMVP.app */;
			productType = "com.apple.product-type.application";
		};
/* End PBXNativeTarget section */

/* Begin PBXProject section */
		AAC64BC52488E0C6009D676C /* Project object */ = {
			isa = PBXProject;
			attributes = {
				LastSwiftUpdateCheck = 1150;
				LastUpgradeCheck = 1150;
				ORGANIZATIONNAME = Ioslam;
				TargetAttributes = {
					AAC64BCC2488E0C6009D676C = {
						CreatedOnToolsVersion = 11.5;
					};
				};
			};
			buildConfigurationList = AAC64BC82488E0C6009D676C /* Build configuration list for PBXProject "LearnMVP" */;
			compatibilityVersion = "Xcode 9.3";
			developmentRegion = en;
			hasScannedForEncodings = 0;
			knownRegions = (
				en,
				Base,
			);
			mainGroup = AAC64BC42488E0C6009D676C;
			productRefGroup = AAC64BCE2488E0C7009D676C /* Products */;
			projectDirPath = "";
			projectRoot = "";
			targets = (
				AAC64BCC2488E0C6009D676C /* LearnMVP */,
			);
		};
/* End PBXProject section */

/* Begin PBXResourcesBuildPhase section */
		AAC64BCB2488E0C6009D676C /* Resources */ = {
			isa = PBXResourcesBuildPhase;
			buildActionMask = 2147483647;
			files = (
				AAC64BDD2488E0C8009D676C /* LaunchScreen.storyboard in Resources */,
				AAC64BDA2488E0C8009D676C /* Assets.xcassets in Resources */,
				AAC64BD82488E0C7009D676C /* Main.storyboard in Resources */,
			);
			runOnlyForDeploymentPostprocessing = 0;
		};
/* End PBXResourcesBuildPhase section */

/* Begin PBXSourcesBuildPhase section */
		AAC64BC92488E0C6009D676C /* Sources */ = {
			isa = PBXSourcesBuildPhase;
			buildActionMask = 2147483647;
			files = (
				AAC64BD52488E0C7009D676C /* ViewController.swift in Sources */,
				AAC64BD12488E0C7009D676C /* AppDelegate.swift in Sources */,
				AAC64BD32488E0C7009D676C /* SceneDelegate.swift in Sources */,
			);
			runOnlyForDeploymentPostprocessing = 0;
		};
/* End PBXSourcesBuildPhase section */

/* Begin PBXVariantGroup section */
		AAC64BD62488E0C7009D676C /* Main.storyboard */ = {
			isa = PBXVariantGroup;
			children = (
				AAC64BD72488E0C7009D676C /* Base */,
			);
			name = Main.storyboard;
			sourceTree = "<group>";
		};
		AAC64BDB2488E0C8009D676C /* LaunchScreen.storyboard */ = {
			isa = PBXVariantGroup;
			children = (
				AAC64BDC2488E0C8009D676C /* Base */,
			);
			name = LaunchScreen.storyboard;
			sourceTree = "<group>";
		};
/* End PBXVariantGroup section */

/* Begin XCBuildConfiguration section */
		AAC64BDF2488E0C8009D676C /* Debug */ = {
			isa = XCBuildConfiguration;
			buildSettings = {
				ALWAYS_SEARCH_USER_PATHS = NO;
				CLANG_ANALYZER_NONNULL = YES;
				CLANG_ANALYZER_NUMBER_OBJECT_CONVERSION = YES_AGGRESSIVE;
				CLANG_CXX_LANGUAGE_STANDARD = "gnu++14";
				CLANG_CXX_LIBRARY = "libc++";
				CLANG_ENABLE_MODULES = YES;
				CLANG_ENABLE_OBJC_ARC = YES;
				CLANG_ENABLE_OBJC_WEAK = YES;
				CLANG_WARN_BLOCK_CAPTURE_AUTORELEASING = YES;
				CLANG_WARN_BOOL_CONVERSION = YES;
				CLANG_WARN_COMMA = YES;
				CLANG_WARN_CONSTANT_CONVERSION = YES;
				CLANG_WARN_DEPRECATED_OBJC_IMPLEMENTATIONS = YES;
				CLANG_WARN_DIRECT_OBJC_ISA_USAGE = YES_ERROR;
				CLANG_WARN_DOCUMENTATION_COMMENTS = YES;
				CLANG_WARN_EMPTY_BODY = YES;
				CLANG_WARN_ENUM_CONVERSION = YES;
				CLANG_WARN_INFINITE_RECURSION = YES;
				CLANG_WARN_INT_CONVERSION = YES;
				CLANG_WARN_NON_LITERAL_NULL_CONVERSION = YES;
				CLANG_WARN_OBJC_IMPLICIT_RETAIN_SELF = YES;
				CLANG_WARN_OBJC_LITERAL_CONVERSION = YES;
				CLANG_WARN_OBJC_ROOT_CLASS = YES_ERROR;
				CLANG_WARN_RANGE_LOOP_ANALYSIS = YES;
				CLANG_WARN_STRICT_PROTOTYPES = YES;
				CLANG_WARN_SUSPICIOUS_MOVE = YES;
				CLANG_WARN_UNGUARDED_AVAILABILITY = YES_AGGRESSIVE;
				CLANG_WARN_UNREACHABLE_CODE = YES;
				CLANG_WARN__DUPLICATE_METHOD_MATCH = YES;
				COPY_PHASE_STRIP = NO;
				DEBUG_INFORMATION_FORMAT = dwarf;
				ENABLE_STRICT_OBJC_MSGSEND = YES;
				ENABLE_TESTABILITY = YES;
				GCC_C_LANGUAGE_STANDARD = gnu11;
				GCC_DYNAMIC_NO_PIC = NO;
				GCC_NO_COMMON_BLOCKS = YES;
				GCC_OPTIMIZATION_LEVEL = 0;
				GCC_PREPROCESSOR_DEFINITIONS = (
					"DEBUG=1",
					"$(inherited)",
				);
				GCC_WARN_64_TO_32_BIT_CONVERSION = YES;
				GCC_WARN_ABOUT_RETURN_TYPE = YES_ERROR;
				GCC_WARN_UNDECLARED_SELECTOR = YES;
				GCC_WARN_UNINITIALIZED_AUTOS = YES_AGGRESSIVE;
				GCC_WARN_UNUSED_FUNCTION = YES;
				GCC_WARN_UNUSED_VARIABLE = YES;
				IPHONEOS_DEPLOYMENT_TARGET = 13.5;
				MTL_ENABLE_DEBUG_INFO = INCLUDE_SOURCE;
				MTL_FAST_MATH = YES;
				ONLY_ACTIVE_ARCH = YES;
				SDKROOT = iphoneos;
				SWIFT_ACTIVE_COMPILATION_CONDITIONS = DEBUG;
				SWIFT_OPTIMIZATION_LEVEL = "-Onone";
			};
			name = Debug;
		};
		AAC64BE02488E0C8009D676C /* Release */ = {
			isa = XCBuildConfiguration;
			buildSettings = {
				ALWAYS_SEARCH_USER_PATHS = NO;
				CLANG_ANALYZER_NONNULL = YES;
				CLANG_ANALYZER_NUMBER_OBJECT_CONVERSION = YES_AGGRESSIVE;
				CLANG_CXX_LANGUAGE_STANDARD = "gnu++14";
				CLANG_CXX_LIBRARY = "libc++";
				CLANG_ENABLE_MODULES = YES;
				CLANG_ENABLE_OBJC_ARC = YES;
				CLANG_ENABLE_OBJC_WEAK = YES;
				CLANG_WARN_BLOCK_CAPTURE_AUTORELEASING = YES;
				CLANG_WARN_BOOL_CONVERSION = YES;
				CLANG_WARN_COMMA = YES;
				CLANG_WARN_CONSTANT_CONVERSION = YES;
				CLANG_WARN_DEPRECATED_OBJC_IMPLEMENTATIONS = YES;
				CLANG_WARN_DIRECT_OBJC_ISA_USAGE = YES_ERROR;
				CLANG_WARN_DOCUMENTATION_COMMENTS = YES;
				CLANG_WARN_EMPTY_BODY = YES;
				CLANG_WARN_ENUM_CONVERSION = YES;
				CLANG_WARN_INFINITE_RECURSION = YES;
				CLANG_WARN_INT_CONVERSION = YES;
				CLANG_WARN_NON_LITERAL_NULL_CONVERSION = YES;
				CLANG_WARN_OBJC_IMPLICIT_RETAIN_SELF = YES;
				CLANG_WARN_OBJC_LITERAL_CONVERSION = YES;
				CLANG_WARN_OBJC_ROOT_CLASS = YES_ERROR;
				CLANG_WARN_RANGE_LOOP_ANALYSIS = YES;
				CLANG_WARN_STRICT_PROTOTYPES = YES;
				CLANG_WARN_SUSPICIOUS_MOVE = YES;
				CLANG_WARN_UNGUARDED_AVAILABILITY = YES_AGGRESSIVE;
				CLANG_WARN_UNREACHABLE_CODE = YES;
				CLANG_WARN__DUPLICATE_METHOD_MATCH = YES;
				COPY_PHASE_STRIP = NO;
				DEBUG_INFORMATION_FORMAT = "dwarf-with-dsym";
				ENABLE_NS_ASSERTIONS = NO;
				ENABLE_STRICT_OBJC_MSGSEND = YES;
				GCC_C_LANGUAGE_STANDARD = gnu11;
				GCC_NO_COMMON_BLOCKS = YES;
				GCC_WARN_64_TO_32_BIT_CONVERSION = YES;
				GCC_WARN_ABOUT_RETURN_TYPE = YES_ERROR;
				GCC_WARN_UNDECLARED_SELECTOR = YES;
				GCC_WARN_UNINITIALIZED_AUTOS = YES_AGGRESSIVE;
				GCC_WARN_UNUSED_FUNCTION = YES;
				GCC_WARN_UNUSED_VARIABLE = YES;
				IPHONEOS_DEPLOYMENT_TARGET = 13.5;
				MTL_ENABLE_DEBUG_INFO = NO;
				MTL_FAST_MATH = YES;
				SDKROOT = iphoneos;
				SWIFT_COMPILATION_MODE = wholemodule;
				SWIFT_OPTIMIZATION_LEVEL = "-O";
				VALIDATE_PRODUCT = YES;
			};
			name = Release;
		};
		AAC64BE22488E0C8009D676C /* Debug */ = {
			isa = XCBuildConfiguration;
			buildSettings = {
				ASSETCATALOG_COMPILER_APPICON_NAME = AppIcon;
				CODE_SIGN_STYLE = Automatic;
				DEVELOPMENT_TEAM = 874WHJ22Z3;
				INFOPLIST_FILE = LearnMVP/Info.plist;
				LD_RUNPATH_SEARCH_PATHS = (
					"$(inherited)",
					"@executable_path/Frameworks",
				);
				PRODUCT_BUNDLE_IDENTIFIER = ioslam.com.LearnMVP;
				PRODUCT_NAME = "$(TARGET_NAME)";
				SWIFT_VERSION = 5.0;
				TARGETED_DEVICE_FAMILY = "1,2";
			};
			name = Debug;
		};
		AAC64BE32488E0C8009D676C /* Release */ = {
			isa = XCBuildConfiguration;
			buildSettings = {
				ASSETCATALOG_COMPILER_APPICON_NAME = AppIcon;
				CODE_SIGN_STYLE = Automatic;
				DEVELOPMENT_TEAM = 874WHJ22Z3;
				INFOPLIST_FILE = LearnMVP/Info.plist;
				LD_RUNPATH_SEARCH_PATHS = (
					"$(inherited)",
					"@executable_path/Frameworks",
				);
				PRODUCT_BUNDLE_IDENTIFIER = ioslam.com.LearnMVP;
				PRODUCT_NAME = "$(TARGET_NAME)";
				SWIFT_VERSION = 5.0;
				TARGETED_DEVICE_FAMILY = "1,2";
			};
			name = Release;
		};
/* End XCBuildConfiguration section */

/* Begin XCConfigurationList section */
		AAC64BC82488E0C6009D676C /* Build configuration list for PBXProject "LearnMVP" */ = {
			isa = XCConfigurationList;
			buildConfigurations = (
				AAC64BDF2488E0C8009D676C /* Debug */,
				AAC64BE02488E0C8009D676C /* Release */,
			);
			defaultConfigurationIsVisible = 0;
			defaultConfigurationName = Release;
		};
		AAC64BE12488E0C8009D676C /* Build configuration list for PBXNativeTarget "LearnMVP" */ = {
			isa = XCConfigurationList;
			buildConfigurations = (
				AAC64BE22488E0C8009D676C /* Debug */,
				AAC64BE32488E0C8009D676C /* Release */,
			);
			defaultConfigurationIsVisible = 0;
			defaultConfigurationName = Release;
		};
/* End XCConfigurationList section */
	};
	rootObject = AAC64BC52488E0C6009D676C /* Project object */;
}
